
Microsoft Visual Studio Solution File, Format Version 12.00
# Visual Studio 15
VisualStudioVersion = 15.0.26730.12
MinimumVisualStudioVersion = 10.0.40219.1
Project("{2150E333-8FDC-42A3-9474-1A3956D46DE8}") = "Sources", "Sources", "{41E2E6CE-1229-456F-9FF5-40CF211D1FB9}"
EndProject
Project("{2150E333-8FDC-42A3-9474-1A3956D46DE8}") = "Tests", "Tests", "{0AABB5DE-488F-4BB3-BD34-3F29087D4AAA}"
EndProject
Project("{FAE04EC0-301F-11D3-BF4B-00C04F79EFBC}") = "ClipboardZanager.Shared", "Sources\ClipboardZanager.Shared\ClipboardZanager.Shared.csproj", "{62617A24-2636-4644-B301-C6907AA29531}"
EndProject
Project("{FAE04EC0-301F-11D3-BF4B-00C04F79EFBC}") = "ClipboardZanager.Core.Desktop", "Sources\ClipboardZanager.Core.Desktop\ClipboardZanager.Core.Desktop.csproj", "{A09CC9C5-9FB6-40B5-8168-1AFBC09E7207}"
EndProject
Project("{FAE04EC0-301F-11D3-BF4B-00C04F79EFBC}") = "ClipboardZanager", "Sources\ClipboardZanager\ClipboardZanager.csproj", "{619D814C-C85A-493A-8EAB-8EEE4175FB6C}"
EndProject
Project("{FAE04EC0-301F-11D3-BF4B-00C04F79EFBC}") = "ClipboardZanager.Shared.Tests", "Tests\ClipboardZanager.Shared.Tests\ClipboardZanager.Shared.Tests.csproj", "{67A874E2-EB23-42F1-8152-34B8AF3CF778}"
EndProject
Project("{FAE04EC0-301F-11D3-BF4B-00C04F79EFBC}") = "ClipboardZanager.Core.Desktop.Tests", "Tests\ClipboardZanager.Core.Desktop.Tests\ClipboardZanager.Core.Desktop.Tests.csproj", "{1644A256-66C1-4046-A125-038F78B7A21A}"
EndProject
Project("{FAE04EC0-301F-11D3-BF4B-00C04F79EFBC}") = "ClipboardZanager.Tests", "Tests\ClipboardZanager.Tests\ClipboardZanager.Tests.csproj", "{996BEBDC-32A9-4465-8E6A-DE661EB536DA}"
EndProject
Project("{2150E333-8FDC-42A3-9474-1A3956D46DE8}") = "Solution Items", "Solution Items", "{D3B87D8C-85FA-4D0A-A034-00B9006F207B}"
	ProjectSection(SolutionItems) = preProject
		..\passwords.txt = ..\passwords.txt
		..\README.md = ..\README.md
	EndProjectSection
EndProject
Project("{2150E333-8FDC-42A3-9474-1A3956D46DE8}") = "Android", "Android", "{60723C47-7CBB-4CCD-B39B-46DA4FB9052B}"
	ProjectSection(SolutionItems) = preProject
		..\Android\app\src\main\res\values\passwords.xml = ..\Android\app\src\main\res\values\passwords.xml
	EndProjectSection
EndProject
Project("{2150E333-8FDC-42A3-9474-1A3956D46DE8}") = "Windows Store", "Windows Store", "{F151821F-452E-43A1-9D9E-D9423513E6E9}"
EndProject
Project("{262852C6-CD72-467D-83FE-5EEB1973A190}") = "ClipboardZanager", "Windows Store\ClipboardZanagerApp\ClipboardZanager.jsproj", "{1583491B-1DFD-4D67-99CD-BA4477DC671C}"
	ProjectSection(ProjectDependencies) = postProject
		{619D814C-C85A-493A-8EAB-8EEE4175FB6C} = {619D814C-C85A-493A-8EAB-8EEE4175FB6C}
	EndProjectSection
EndProject
Project("{365BE41E-7993-430D-A5E6-1381A54BC077}") = "DesktopBridgeDebuggingProject", "Windows Store\DesktopBridgeDebuggingProject\DesktopBridgeDebuggingProject.vsdproj", "{A012A888-8774-4736-9885-2AE1AF7853DF}"
	ProjectSection(ProjectDependencies) = postProject
		{1583491B-1DFD-4D67-99CD-BA4477DC671C} = {1583491B-1DFD-4D67-99CD-BA4477DC671C}
		{62617A24-2636-4644-B301-C6907AA29531} = {62617A24-2636-4644-B301-C6907AA29531}
		{619D814C-C85A-493A-8EAB-8EEE4175FB6C} = {619D814C-C85A-493A-8EAB-8EEE4175FB6C}
		{A09CC9C5-9FB6-40B5-8168-1AFBC09E7207} = {A09CC9C5-9FB6-40B5-8168-1AFBC09E7207}
	EndProjectSection
EndProject
Global
	GlobalSection(SolutionConfigurationPlatforms) = preSolution
		Debug|Any CPU = Debug|Any CPU
		Debug|ARM = Debug|ARM
		Debug|x64 = Debug|x64
		Debug|x86 = Debug|x86
		Release|Any CPU = Release|Any CPU
		Release|ARM = Release|ARM
		Release|x64 = Release|x64
		Release|x86 = Release|x86
	EndGlobalSection
	GlobalSection(ProjectConfigurationPlatforms) = postSolution
		{62617A24-2636-4644-B301-C6907AA29531}.Debug|Any CPU.ActiveCfg = Debug|Any CPU
		{62617A24-2636-4644-B301-C6907AA29531}.Debug|Any CPU.Build.0 = Debug|Any CPU
		{62617A24-2636-4644-B301-C6907AA29531}.Debug|ARM.ActiveCfg = Debug|Any CPU
		{62617A24-2636-4644-B301-C6907AA29531}.Debug|ARM.Build.0 = Debug|Any CPU
		{62617A24-2636-4644-B301-C6907AA29531}.Debug|x64.ActiveCfg = Debug|Any CPU
		{62617A24-2636-4644-B301-C6907AA29531}.Debug|x64.Build.0 = Debug|Any CPU
		{62617A24-2636-4644-B301-C6907AA29531}.Debug|x86.ActiveCfg = Debug|x86
		{62617A24-2636-4644-B301-C6907AA29531}.Debug|x86.Build.0 = Debug|x86
		{62617A24-2636-4644-B301-C6907AA29531}.Release|Any CPU.ActiveCfg = Release|Any CPU
		{62617A24-2636-4644-B301-C6907AA29531}.Release|Any CPU.Build.0 = Release|Any CPU
		{62617A24-2636-4644-B301-C6907AA29531}.Release|ARM.ActiveCfg = Release|Any CPU
		{62617A24-2636-4644-B301-C6907AA29531}.Release|ARM.Build.0 = Release|Any CPU
		{62617A24-2636-4644-B301-C6907AA29531}.Release|x64.ActiveCfg = Release|Any CPU
		{62617A24-2636-4644-B301-C6907AA29531}.Release|x64.Build.0 = Release|Any CPU
		{62617A24-2636-4644-B301-C6907AA29531}.Release|x86.ActiveCfg = Release|x86
		{62617A24-2636-4644-B301-C6907AA29531}.Release|x86.Build.0 = Release|x86
		{A09CC9C5-9FB6-40B5-8168-1AFBC09E7207}.Debug|Any CPU.ActiveCfg = Debug|Any CPU
		{A09CC9C5-9FB6-40B5-8168-1AFBC09E7207}.Debug|Any CPU.Build.0 = Debug|Any CPU
		{A09CC9C5-9FB6-40B5-8168-1AFBC09E7207}.Debug|ARM.ActiveCfg = Debug|Any CPU
		{A09CC9C5-9FB6-40B5-8168-1AFBC09E7207}.Debug|ARM.Build.0 = Debug|Any CPU
		{A09CC9C5-9FB6-40B5-8168-1AFBC09E7207}.Debug|x64.ActiveCfg = Debug|Any CPU
		{A09CC9C5-9FB6-40B5-8168-1AFBC09E7207}.Debug|x64.Build.0 = Debug|Any CPU
		{A09CC9C5-9FB6-40B5-8168-1AFBC09E7207}.Debug|x86.ActiveCfg = Debug|x86
		{A09CC9C5-9FB6-40B5-8168-1AFBC09E7207}.Debug|x86.Build.0 = Debug|x86
		{A09CC9C5-9FB6-40B5-8168-1AFBC09E7207}.Release|Any CPU.ActiveCfg = Release|Any CPU
		{A09CC9C5-9FB6-40B5-8168-1AFBC09E7207}.Release|Any CPU.Build.0 = Release|Any CPU
		{A09CC9C5-9FB6-40B5-8168-1AFBC09E7207}.Release|ARM.ActiveCfg = Release|Any CPU
		{A09CC9C5-9FB6-40B5-8168-1AFBC09E7207}.Release|ARM.Build.0 = Release|Any CPU
		{A09CC9C5-9FB6-40B5-8168-1AFBC09E7207}.Release|x64.ActiveCfg = Release|Any CPU
		{A09CC9C5-9FB6-40B5-8168-1AFBC09E7207}.Release|x64.Build.0 = Release|Any CPU
		{A09CC9C5-9FB6-40B5-8168-1AFBC09E7207}.Release|x86.ActiveCfg = Release|x86
		{A09CC9C5-9FB6-40B5-8168-1AFBC09E7207}.Release|x86.Build.0 = Release|x86
		{619D814C-C85A-493A-8EAB-8EEE4175FB6C}.Debug|Any CPU.ActiveCfg = Debug|Any CPU
		{619D814C-C85A-493A-8EAB-8EEE4175FB6C}.Debug|Any CPU.Build.0 = Debug|Any CPU
		{619D814C-C85A-493A-8EAB-8EEE4175FB6C}.Debug|ARM.ActiveCfg = Debug|Any CPU
		{619D814C-C85A-493A-8EAB-8EEE4175FB6C}.Debug|ARM.Build.0 = Debug|Any CPU
		{619D814C-C85A-493A-8EAB-8EEE4175FB6C}.Debug|x64.ActiveCfg = Debug|Any CPU
		{619D814C-C85A-493A-8EAB-8EEE4175FB6C}.Debug|x64.Build.0 = Debug|Any CPU
		{619D814C-C85A-493A-8EAB-8EEE4175FB6C}.Debug|x86.ActiveCfg = Debug|x86
		{619D814C-C85A-493A-8EAB-8EEE4175FB6C}.Debug|x86.Build.0 = Debug|x86
		{619D814C-C85A-493A-8EAB-8EEE4175FB6C}.Release|Any CPU.ActiveCfg = Release|Any CPU
		{619D814C-C85A-493A-8EAB-8EEE4175FB6C}.Release|Any CPU.Build.0 = Release|Any CPU
		{619D814C-C85A-493A-8EAB-8EEE4175FB6C}.Release|ARM.ActiveCfg = Release|Any CPU
		{619D814C-C85A-493A-8EAB-8EEE4175FB6C}.Release|ARM.Build.0 = Release|Any CPU
		{619D814C-C85A-493A-8EAB-8EEE4175FB6C}.Release|x64.ActiveCfg = Release|Any CPU
		{619D814C-C85A-493A-8EAB-8EEE4175FB6C}.Release|x64.Build.0 = Release|Any CPU
		{619D814C-C85A-493A-8EAB-8EEE4175FB6C}.Release|x86.ActiveCfg = Release|x86
		{619D814C-C85A-493A-8EAB-8EEE4175FB6C}.Release|x86.Build.0 = Release|x86
		{67A874E2-EB23-42F1-8152-34B8AF3CF778}.Debug|Any CPU.ActiveCfg = Debug|Any CPU
		{67A874E2-EB23-42F1-8152-34B8AF3CF778}.Debug|Any CPU.Build.0 = Debug|Any CPU
		{67A874E2-EB23-42F1-8152-34B8AF3CF778}.Debug|ARM.ActiveCfg = Debug|Any CPU
		{67A874E2-EB23-42F1-8152-34B8AF3CF778}.Debug|ARM.Build.0 = Debug|Any CPU
		{67A874E2-EB23-42F1-8152-34B8AF3CF778}.Debug|x64.ActiveCfg = Debug|Any CPU
		{67A874E2-EB23-42F1-8152-34B8AF3CF778}.Debug|x64.Build.0 = Debug|Any CPU
		{67A874E2-EB23-42F1-8152-34B8AF3CF778}.Debug|x86.ActiveCfg = Debug|x86
		{67A874E2-EB23-42F1-8152-34B8AF3CF778}.Debug|x86.Build.0 = Debug|x86
		{67A874E2-EB23-42F1-8152-34B8AF3CF778}.Release|Any CPU.ActiveCfg = Release|Any CPU
		{67A874E2-EB23-42F1-8152-34B8AF3CF778}.Release|Any CPU.Build.0 = Release|Any CPU
		{67A874E2-EB23-42F1-8152-34B8AF3CF778}.Release|ARM.ActiveCfg = Release|Any CPU
		{67A874E2-EB23-42F1-8152-34B8AF3CF778}.Release|ARM.Build.0 = Release|Any CPU
		{67A874E2-EB23-42F1-8152-34B8AF3CF778}.Release|x64.ActiveCfg = Release|Any CPU
		{67A874E2-EB23-42F1-8152-34B8AF3CF778}.Release|x64.Build.0 = Release|Any CPU
		{67A874E2-EB23-42F1-8152-34B8AF3CF778}.Release|x86.ActiveCfg = Release|x86
		{67A874E2-EB23-42F1-8152-34B8AF3CF778}.Release|x86.Build.0 = Release|x86
		{1644A256-66C1-4046-A125-038F78B7A21A}.Debug|Any CPU.ActiveCfg = Debug|Any CPU
		{1644A256-66C1-4046-A125-038F78B7A21A}.Debug|Any CPU.Build.0 = Debug|Any CPU
		{1644A256-66C1-4046-A125-038F78B7A21A}.Debug|ARM.ActiveCfg = Debug|Any CPU
		{1644A256-66C1-4046-A125-038F78B7A21A}.Debug|ARM.Build.0 = Debug|Any CPU
		{1644A256-66C1-4046-A125-038F78B7A21A}.Debug|x64.ActiveCfg = Debug|Any CPU
		{1644A256-66C1-4046-A125-038F78B7A21A}.Debug|x64.Build.0 = Debug|Any CPU
		{1644A256-66C1-4046-A125-038F78B7A21A}.Debug|x86.ActiveCfg = Debug|x86
		{1644A256-66C1-4046-A125-038F78B7A21A}.Debug|x86.Build.0 = Debug|x86
		{1644A256-66C1-4046-A125-038F78B7A21A}.Release|Any CPU.ActiveCfg = Release|Any CPU
		{1644A256-66C1-4046-A125-038F78B7A21A}.Release|Any CPU.Build.0 = Release|Any CPU
		{1644A256-66C1-4046-A125-038F78B7A21A}.Release|ARM.ActiveCfg = Release|Any CPU
		{1644A256-66C1-4046-A125-038F78B7A21A}.Release|ARM.Build.0 = Release|Any CPU
		{1644A256-66C1-4046-A125-038F78B7A21A}.Release|x64.ActiveCfg = Release|Any CPU
		{1644A256-66C1-4046-A125-038F78B7A21A}.Release|x64.Build.0 = Release|Any CPU
		{1644A256-66C1-4046-A125-038F78B7A21A}.Release|x86.ActiveCfg = Release|x86
		{1644A256-66C1-4046-A125-038F78B7A21A}.Release|x86.Build.0 = Release|x86
		{996BEBDC-32A9-4465-8E6A-DE661EB536DA}.Debug|Any CPU.ActiveCfg = Debug|Any CPU
		{996BEBDC-32A9-4465-8E6A-DE661EB536DA}.Debug|Any CPU.Build.0 = Debug|Any CPU
		{996BEBDC-32A9-4465-8E6A-DE661EB536DA}.Debug|ARM.ActiveCfg = Debug|Any CPU
		{996BEBDC-32A9-4465-8E6A-DE661EB536DA}.Debug|ARM.Build.0 = Debug|Any CPU
		{996BEBDC-32A9-4465-8E6A-DE661EB536DA}.Debug|x64.ActiveCfg = Debug|Any CPU
		{996BEBDC-32A9-4465-8E6A-DE661EB536DA}.Debug|x64.Build.0 = Debug|Any CPU
		{996BEBDC-32A9-4465-8E6A-DE661EB536DA}.Debug|x86.ActiveCfg = Debug|x86
		{996BEBDC-32A9-4465-8E6A-DE661EB536DA}.Debug|x86.Build.0 = Debug|x86
		{996BEBDC-32A9-4465-8E6A-DE661EB536DA}.Release|Any CPU.ActiveCfg = Release|Any CPU
		{996BEBDC-32A9-4465-8E6A-DE661EB536DA}.Release|Any CPU.Build.0 = Release|Any CPU
		{996BEBDC-32A9-4465-8E6A-DE661EB536DA}.Release|ARM.ActiveCfg = Release|Any CPU
		{996BEBDC-32A9-4465-8E6A-DE661EB536DA}.Release|ARM.Build.0 = Release|Any CPU
		{996BEBDC-32A9-4465-8E6A-DE661EB536DA}.Release|x64.ActiveCfg = Release|Any CPU
		{996BEBDC-32A9-4465-8E6A-DE661EB536DA}.Release|x64.Build.0 = Release|Any CPU
		{996BEBDC-32A9-4465-8E6A-DE661EB536DA}.Release|x86.ActiveCfg = Release|x86
		{996BEBDC-32A9-4465-8E6A-DE661EB536DA}.Release|x86.Build.0 = Release|x86
		{1583491B-1DFD-4D67-99CD-BA4477DC671C}.Debug|Any CPU.ActiveCfg = Debug|Any CPU
		{1583491B-1DFD-4D67-99CD-BA4477DC671C}.Debug|Any CPU.Build.0 = Debug|Any CPU
		{1583491B-1DFD-4D67-99CD-BA4477DC671C}.Debug|Any CPU.Deploy.0 = Debug|Any CPU
		{1583491B-1DFD-4D67-99CD-BA4477DC671C}.Debug|ARM.ActiveCfg = Debug|ARM
		{1583491B-1DFD-4D67-99CD-BA4477DC671C}.Debug|ARM.Build.0 = Debug|ARM
		{1583491B-1DFD-4D67-99CD-BA4477DC671C}.Debug|ARM.Deploy.0 = Debug|ARM
		{1583491B-1DFD-4D67-99CD-BA4477DC671C}.Debug|x64.ActiveCfg = Debug|x64
		{1583491B-1DFD-4D67-99CD-BA4477DC671C}.Debug|x64.Build.0 = Debug|x64
		{1583491B-1DFD-4D67-99CD-BA4477DC671C}.Debug|x64.Deploy.0 = Debug|x64
		{1583491B-1DFD-4D67-99CD-BA4477DC671C}.Debug|x86.ActiveCfg = Debug|x86
		{1583491B-1DFD-4D67-99CD-BA4477DC671C}.Debug|x86.Build.0 = Debug|x86
		{1583491B-1DFD-4D67-99CD-BA4477DC671C}.Debug|x86.Deploy.0 = Debug|x86
		{1583491B-1DFD-4D67-99CD-BA4477DC671C}.Release|Any CPU.ActiveCfg = Release|Any CPU
		{1583491B-1DFD-4D67-99CD-BA4477DC671C}.Release|Any CPU.Build.0 = Release|Any CPU
		{1583491B-1DFD-4D67-99CD-BA4477DC671C}.Release|Any CPU.Deploy.0 = Release|Any CPU
		{1583491B-1DFD-4D67-99CD-BA4477DC671C}.Release|ARM.ActiveCfg = Release|ARM
		{1583491B-1DFD-4D67-99CD-BA4477DC671C}.Release|ARM.Build.0 = Release|ARM
		{1583491B-1DFD-4D67-99CD-BA4477DC671C}.Release|ARM.Deploy.0 = Release|ARM
		{1583491B-1DFD-4D67-99CD-BA4477DC671C}.Release|x64.ActiveCfg = Release|x64
		{1583491B-1DFD-4D67-99CD-BA4477DC671C}.Release|x64.Build.0 = Release|x64
		{1583491B-1DFD-4D67-99CD-BA4477DC671C}.Release|x64.Deploy.0 = Release|x64
		{1583491B-1DFD-4D67-99CD-BA4477DC671C}.Release|x86.ActiveCfg = Release|x86
		{1583491B-1DFD-4D67-99CD-BA4477DC671C}.Release|x86.Build.0 = Release|x86
		{1583491B-1DFD-4D67-99CD-BA4477DC671C}.Release|x86.Deploy.0 = Release|x86
		{A012A888-8774-4736-9885-2AE1AF7853DF}.Debug|Any CPU.ActiveCfg = Debug|Any CPU
		{A012A888-8774-4736-9885-2AE1AF7853DF}.Debug|Any CPU.Build.0 = Debug|Any CPU
		{A012A888-8774-4736-9885-2AE1AF7853DF}.Debug|Any CPU.Deploy.0 = Debug|Any CPU
		{A012A888-8774-4736-9885-2AE1AF7853DF}.Debug|ARM.ActiveCfg = Debug|ARM
		{A012A888-8774-4736-9885-2AE1AF7853DF}.Debug|ARM.Build.0 = Debug|ARM
		{A012A888-8774-4736-9885-2AE1AF7853DF}.Debug|ARM.Deploy.0 = Debug|ARM
		{A012A888-8774-4736-9885-2AE1AF7853DF}.Debug|x64.ActiveCfg = Debug|x64
		{A012A888-8774-4736-9885-2AE1AF7853DF}.Debug|x64.Build.0 = Debug|x64
		{A012A888-8774-4736-9885-2AE1AF7853DF}.Debug|x64.Deploy.0 = Debug|x64
		{A012A888-8774-4736-9885-2AE1AF7853DF}.Debug|x86.ActiveCfg = Debug|x86
		{A012A888-8774-4736-9885-2AE1AF7853DF}.Debug|x86.Build.0 = Debug|x86
		{A012A888-8774-4736-9885-2AE1AF7853DF}.Debug|x86.Deploy.0 = Debug|x86
		{A012A888-8774-4736-9885-2AE1AF7853DF}.Release|Any CPU.ActiveCfg = Release|Any CPU
		{A012A888-8774-4736-9885-2AE1AF7853DF}.Release|Any CPU.Build.0 = Release|Any CPU
		{A012A888-8774-4736-9885-2AE1AF7853DF}.Release|Any CPU.Deploy.0 = Release|Any CPU
		{A012A888-8774-4736-9885-2AE1AF7853DF}.Release|ARM.ActiveCfg = Release|ARM
		{A012A888-8774-4736-9885-2AE1AF7853DF}.Release|ARM.Build.0 = Release|ARM
		{A012A888-8774-4736-9885-2AE1AF7853DF}.Release|ARM.Deploy.0 = Release|ARM
		{A012A888-8774-4736-9885-2AE1AF7853DF}.Release|x64.ActiveCfg = Release|x64
		{A012A888-8774-4736-9885-2AE1AF7853DF}.Release|x64.Build.0 = Release|x64
		{A012A888-8774-4736-9885-2AE1AF7853DF}.Release|x64.Deploy.0 = Release|x64
		{A012A888-8774-4736-9885-2AE1AF7853DF}.Release|x86.ActiveCfg = Release|x86
		{A012A888-8774-4736-9885-2AE1AF7853DF}.Release|x86.Build.0 = Release|x86
		{A012A888-8774-4736-9885-2AE1AF7853DF}.Release|x86.Deploy.0 = Release|x86
	EndGlobalSection
	GlobalSection(SolutionProperties) = preSolution
		HideSolutionNode = FALSE
	EndGlobalSection
	GlobalSection(NestedProjects) = preSolution
		{62617A24-2636-4644-B301-C6907AA29531} = {41E2E6CE-1229-456F-9FF5-40CF211D1FB9}
		{A09CC9C5-9FB6-40B5-8168-1AFBC09E7207} = {41E2E6CE-1229-456F-9FF5-40CF211D1FB9}
		{619D814C-C85A-493A-8EAB-8EEE4175FB6C} = {41E2E6CE-1229-456F-9FF5-40CF211D1FB9}
		{67A874E2-EB23-42F1-8152-34B8AF3CF778} = {0AABB5DE-488F-4BB3-BD34-3F29087D4AAA}
		{1644A256-66C1-4046-A125-038F78B7A21A} = {0AABB5DE-488F-4BB3-BD34-3F29087D4AAA}
		{996BEBDC-32A9-4465-8E6A-DE661EB536DA} = {0AABB5DE-488F-4BB3-BD34-3F29087D4AAA}
		{60723C47-7CBB-4CCD-B39B-46DA4FB9052B} = {D3B87D8C-85FA-4D0A-A034-00B9006F207B}
		{1583491B-1DFD-4D67-99CD-BA4477DC671C} = {F151821F-452E-43A1-9D9E-D9423513E6E9}
		{A012A888-8774-4736-9885-2AE1AF7853DF} = {F151821F-452E-43A1-9D9E-D9423513E6E9}
	EndGlobalSection
	GlobalSection(ExtensibilityGlobals) = postSolution
		SolutionGuid = {0D138CA2-E9A9-4F9B-8ADE-E6D620B8478C}
	EndGlobalSection
EndGlobal
